
Microsoft Visual Studio Solution File, Format Version 12.00
# Visual Studio 15
VisualStudioVersion = 15.0.27130.0
MinimumVisualStudioVersion = 10.0.40219.1
Project("{FAE04EC0-301F-11D3-BF4B-00C04F79EFBC}") = "ECommerceTemplate.Web", "ECommerceTemplate.Web\ECommerceTemplate.Web.csproj", "{030B14AE-05F2-4D7E-828D-9C54970F6904}"
EndProject
Project("{FAE04EC0-301F-11D3-BF4B-00C04F79EFBC}") = "ECommerceTemplate.Domain", "ECommerceTemplate.Domain\ECommerceTemplate.Domain.csproj", "{FD160FC0-ED3F-428D-9349-20507A34D48D}"
EndProject
Project("{FAE04EC0-301F-11D3-BF4B-00C04F79EFBC}") = "ECommerceTemplate.Data", "ECommerceTemplate.Data\ECommerceTemplate.Data.csproj", "{02441C60-D50F-4BF8-AC46-446333C5046C}"
EndProject
Global
	GlobalSection(SolutionConfigurationPlatforms) = preSolution
		Debug|Any CPU = Debug|Any CPU
		Release|Any CPU = Release|Any CPU
	EndGlobalSection
	GlobalSection(ProjectConfigurationPlatforms) = postSolution
		{030B14AE-05F2-4D7E-828D-9C54970F6904}.Debug|Any CPU.ActiveCfg = Debug|Any CPU
		{030B14AE-05F2-4D7E-828D-9C54970F6904}.Debug|Any CPU.Build.0 = Debug|Any CPU
		{030B14AE-05F2-4D7E-828D-9C54970F6904}.Release|Any CPU.ActiveCfg = Release|Any CPU
		{030B14AE-05F2-4D7E-828D-9C54970F6904}.Release|Any CPU.Build.0 = Release|Any CPU
		{FD160FC0-ED3F-428D-9349-20507A34D48D}.Debug|Any CPU.ActiveCfg = Debug|Any CPU
		{FD160FC0-ED3F-428D-9349-20507A34D48D}.Debug|Any CPU.Build.0 = Debug|Any CPU
		{FD160FC0-ED3F-428D-9349-20507A34D48D}.Release|Any CPU.ActiveCfg = Release|Any CPU
		{FD160FC0-ED3F-428D-9349-20507A34D48D}.Release|Any CPU.Build.0 = Release|Any CPU
		{02441C60-D50F-4BF8-AC46-446333C5046C}.Debug|Any CPU.ActiveCfg = Debug|Any CPU
		{02441C60-D50F-4BF8-AC46-446333C5046C}.Debug|Any CPU.Build.0 = Debug|Any CPU
		{02441C60-D50F-4BF8-AC46-446333C5046C}.Release|Any CPU.ActiveCfg = Release|Any CPU
		{02441C60-D50F-4BF8-AC46-446333C5046C}.Release|Any CPU.Build.0 = Release|Any CPU
	EndGlobalSection
	GlobalSection(SolutionProperties) = preSolution
		HideSolutionNode = FALSE
	EndGlobalSection
	GlobalSection(ExtensibilityGlobals) = postSolution
		SolutionGuid = {4309ED88-DAC1-4243-A768-544B0C5FB9E3}
	EndGlobalSection
EndGlobal
